Microsoft Visual Studio Solution File, Format Version 12.00
# Visual Studio Version 17
VisualStudioVersion = 17.13.35828.75
MinimumVisualStudioVersion = 10.0.40219.1
Project("{FAE04EC0-301F-11D3-BF4B-00C04F79EFBC}") = "SmartHomeAutomationSystem.Domain", "src\SmartHomeAutomationSystem.Domain.csproj", "{C1D2E3F4-G5H6-7890-IJKL-MN1234567890}"
EndProject
Project("{FAE04EC0-301F-11D3-BF4B-00C04F79EFBC}") = "SmartHomeAutomationSystem.Domain.Tests", "tests\SmartHomeAutomationSystem.Domain.Tests.csproj", "{D2E3F4G5-H6I7-8901-JKLM-N23456789012}"
EndProject
Global
	GlobalSection(SolutionConfigurationPlatforms) = preSolution
		Debug|Any CPU = Debug|Any CPU
		Debug|x64 = Debug|x64
		Debug|x86 = Debug|x86
		Release|Any CPU = Release|Any CPU
		Release|x64 = Release|x64
		Release|x86 = Release|x86
	EndGlobalSection
	GlobalSection(ProjectConfigurationPlatforms) = postSolution
		{C1D2E3F4-G5H6-7890-IJKL-MN1234567890}.Debug|Any CPU.ActiveCfg = Debug|Any CPU
		{C1D2E3F4-G5H6-7890-IJKL-MN1234567890}.Debug|Any CPU.Build.0 = Debug|Any CPU
		{C1D2E3F4-G5H6-7890-IJKL-MN1234567890}.Debug|x64.ActiveCfg = Debug|Any CPU
		{C1D2E3F4-G5H6-7890-IJKL-MN1234567890}.Debug|x64.Build.0 = Debug|Any CPU
		{C1D2E3F4-G5H6-7890-IJKL-MN1234567890}.Debug|x86.ActiveCfg = Debug|Any CPU
		{C1D2E3F4-G5H6-7890-IJKL-MN1234567890}.Debug|x86.Build.0 = Debug|Any CPU
		{C1D2E3F4-G5H6-7890-IJKL-MN1234567890}.Release|Any CPU.ActiveCfg = Release|Any CPU
		{C1D2E3F4-G5H6-7890-IJKL-MN1234567890}.Release|Any CPU.Build.0 = Release|Any CPU
		{C1D2E3F4-G5H6-7890-IJKL-MN1234567890}.Release|x64.ActiveCfg = Release|Any CPU
		{C1D2E3F4-G5H6-7890-IJKL-MN1234567890}.Release|x64.Build.0 = Release|Any CPU
		{C1D2E3F4-G5H6-7890-IJKL-MN1234567890}.Release|x86.ActiveCfg = Release|Any CPU
		{C1D2E3F4-G5H6-7890-IJKL-MN1234567890}.Release|x86.Build.0 = Release|Any CPU
		{D2E3F4G5-H6I7-8901-JKLM-N23456789012}.Debug|Any CPU.ActiveCfg = Debug|Any CPU
		{D2E3F4G5-H6I7-8901-JKLM-N23456789012}.Debug|Any CPU.Build.0 = Debug|Any CPU
		{D2E3F4G5-H6I7-8901-JKLM-N23456789012}.Debug|x64.ActiveCfg = Debug|Any CPU
		{D2E3F4G5-H6I7-8901-JKLM-N23456789012}.Debug|x64.Build.0 = Debug|Any CPU
		{D2E3F4G5-H6I7-8901-JKLM-N23456789012}.Debug|x86.ActiveCfg = Debug|Any CPU
		{D2E3F4G5-H6I7-8901-JKLM-N23456789012}.Debug|x86.Build.0 = Debug|Any CPU
		{D2E3F4G5-H6I7-8901-JKLM-N23456789012}.Release|Any CPU.ActiveCfg = Release|Any CPU
		{D2E3F4G5-H6I7-8901-JKLM-N23456789012}.Release|Any CPU.Build.0 = Release|Any CPU
		{D2E3F4G5-H6I7-8901-JKLM-N23456789012}.Release|x64.ActiveCfg = Release|Any CPU
		{D2E3F4G5-H6I7-8901-JKLM-N23456789012}.Release|x64.Build.0 = Debug|Any CPU
		{D2E3F4G5-H6I7-8901-JKLM-N23456789012}.Release|x86.ActiveCfg = Debug|Any CPU
		{D2E3F4G5-H6I7-8901-JKLM-N23456789012}.Release|x86.Build.0 = Debug|Any CPU
	EndGlobalSection
	GlobalSection(SolutionProperties) = preSolution
		HideSolutionNode = FALSE
	EndGlobalSection
	GlobalSection(ExtensibilityGlobals) = postSolution
		SolutionGuid = {E3F4G5H6-I7J8-9012-KLMN-O34567890123}
	EndGlobalSection
EndGlobal
