
Microsoft Visual Studio Solution File, Format Version 12.00
# Visual Studio Version 17
VisualStudioVersion = 17.13.35828.75
MinimumVisualStudioVersion = 10.0.40219.1
Project("{FAE04EC0-301F-11D3-BF4B-00C04F79EFBC}") = "BusTransportManagementSystem.Domain", "BusTransportManagementSystem\src\BusTransportManagementSystem.Domain.csproj", "{2942F104-7754-47BA-B3DF-6361988BA784}"
EndProject
Project("{FAE04EC0-301F-11D3-BF4B-00C04F79EFBC}") = "BusTransportManagementSystem.Domain.Tests", "BusTransportManagementSystem\tests\BusTransportManagementSystem.Domain.Tests.csproj", "{943C15B7-1B8C-4EF6-93CA-EAFD250F627F}"
EndProject
Project("{FAE04EC0-301F-11D3-BF4B-00C04F79EFBC}") = "CelebrationOrganizationSystem.Domain", "CelebrationOrganizationSystem\src\CelebrationOrganizationSystem.Domain.csproj", "{A1B2C3D4-E5F6-7890-ABCD-EF1234567890}"
EndProject
Project("{FAE04EC0-301F-11D3-BF4B-00C04F79EFBC}") = "CelebrationOrganizationSystem.Domain.Tests", "CelebrationOrganizationSystem\tests\CelebrationOrganizationSystem.Domain.Tests.csproj", "{49A7922D-4A4C-4DCF-BE7A-481A5B51DF0F}"
EndProject
Project("{FAE04EC0-301F-11D3-BF4B-00C04F79EFBC}") = "HelpingHandStore.Domain", "HelpingHandStore\src\HelpingHandStore.Domain.csproj", "{E13CE178-6AD3-44E0-BE0D-CF3F0984800F}"
EndProject
Project("{FAE04EC0-301F-11D3-BF4B-00C04F79EFBC}") = "HelpingHandStore.Domain.Tests", "HelpingHandStore\tests\HelpingHandStore.Domain.Tests.csproj", "{0166E6CF-CB9E-441D-B609-20AA1444334A}"
EndProject
Project("{FAE04EC0-301F-11D3-BF4B-00C04F79EFBC}") = "LabRequisitionManagementSystem.Domain", "LabRequisitionManagementSystem\src\LabRequisitionManagementSystem.Domain.csproj", "{78E30EEE-85F2-4F71-A606-5758471BFDA3}"
EndProject
Project("{FAE04EC0-301F-11D3-BF4B-00C04F79EFBC}") = "LabRequisitionManagementSystem.Domain.Tests", "LabRequisitionManagementSystem\tests\LabRequisitionManagementSystem.Domain.Tests.csproj", "{F7A8E6FD-3228-4D57-8EF5-6FF175A883B9}"
EndProject
Project("{FAE04EC0-301F-11D3-BF4B-00C04F79EFBC}") = "TeamSportsScoutingSystem.Domain", "TeamSportsScoutingSystem\src\TeamSportsScoutingSystem.Domain.csproj", "{A1B2C3D4-E5F6-7890-ABCD-EF1234567890}"
EndProject
Project("{FAE04EC0-301F-11D3-BF4B-00C04F79EFBC}") = "TeamSportsScoutingSystem.Domain.Tests", "TeamSportsScoutingSystem\tests\TeamSportsScoutingSystem.Domain.Tests.csproj", "{B2C3D4E5-F6G7-8901-BCDE-F23456789012}"
EndProject
Project("{FAE04EC0-301F-11D3-BF4B-00C04F79EFBC}") = "SmartHomeAutomationSystem.Domain", "SmartHomeAutomationSystem\src\SmartHomeAutomationSystem.Domain.csproj", "{C1D2E3F4-G5H6-7890-IJKL-MN1234567890}"
EndProject
Project("{FAE04EC0-301F-11D3-BF4B-00C04F79EFBC}") = "SmartHomeAutomationSystem.Domain.Tests", "SmartHomeAutomationSystem\tests\SmartHomeAutomationSystem.Domain.Tests.csproj", "{D2E3F4G5-H6I7-8901-JKLM-N23456789012}"
EndProject
Project("{FAE04EC0-301F-11D3-BF4B-00C04F79EFBC}") = "OnlineTutoringSystem.Domain", "OnlineTutoringSystem\src\OnlineTutoringSystem.Domain.csproj", "{E1F2A3B4-C5D6-7890-EFGH-IJ1234567890}"
EndProject
Project("{FAE04EC0-301F-11D3-BF4B-00C04F79EFBC}") = "OnlineTutoringSystem.Domain.Tests", "OnlineTutoringSystem\tests\OnlineTutoringSystem.Domain.Tests.csproj", "{F2A3B4C5-D6E7-8901-GHIJ-KL2345678901}"
EndProject
Project("{FAE04EC0-301F-11D3-BF4B-00C04F79EFBC}") = "DestroyBlockApplication.Domain", "DestroyBlockApplication\src\DestroyBlockApplication.Domain.csproj", "{F1A2B3C4-D5E6-7890-FGHI-JK1234567890}"
EndProject
Project("{FAE04EC0-301F-11D3-BF4B-00C04F79EFBC}") = "DestroyBlockApplication.Domain.Tests", "DestroyBlockApplication\tests\DestroyBlockApplication.Domain.Tests.csproj", "{G2B3C4D5-E6F7-8901-HIJK-LM2345678901}"
EndProject
Project("{FAE04EC0-301F-11D3-BF4B-00C04F79EFBC}") = "TileOApplication.Domain", "TileOApplication\src\TileOApplication.Domain.csproj", "{H1I2J3K4-L5M6-7890-NOPQ-RS1234567890}"
EndProject
Project("{FAE04EC0-301F-11D3-BF4B-00C04F79EFBC}") = "TileOApplication.Domain.Tests", "TileOApplication\tests\TileOApplication.Domain.Tests.csproj", "{I2J3K4L5-M6N7-8901-OPQR-ST2345678901}"
EndProject
Project("{FAE04EC0-301F-11D3-BF4B-00C04F79EFBC}") = "HotelBookingManagementSystem.Domain", "HotelBookingManagementSystem\src\HotelBookingManagementSystem.Domain.csproj", "{J1K2L3M4-N5O6-7890-PQRS-TU1234567890}"
EndProject
Project("{FAE04EC0-301F-11D3-BF4B-00C04F79EFBC}") = "HotelBookingManagementSystem.Domain.Tests", "HotelBookingManagementSystem\tests\HotelBookingManagementSystem.Domain.Tests.csproj", "{K2L3M4N5-O6P7-8901-QRST-UV2345678901}"
EndProject
Global
	GlobalSection(SolutionConfigurationPlatforms) = preSolution
		Debug|Any CPU = Debug|Any CPU
		Debug|x64 = Debug|x64
		Debug|x86 = Debug|x86
		Release|Any CPU = Release|Any CPU
		Release|x64 = Release|x64
		Release|x86 = Release|x86
	EndGlobalSection
	GlobalSection(ProjectConfigurationPlatforms) = postSolution
		{2942F104-7754-47BA-B3DF-6361988BA784}.Debug|Any CPU.ActiveCfg = Debug|Any CPU
		{2942F104-7754-47BA-B3DF-6361988BA784}.Debug|Any CPU.Build.0 = Debug|Any CPU
		{2942F104-7754-47BA-B3DF-6361988BA784}.Debug|x64.ActiveCfg = Debug|Any CPU
		{2942F104-7754-47BA-B3DF-6361988BA784}.Debug|x64.Build.0 = Debug|Any CPU
		{2942F104-7754-47BA-B3DF-6361988BA784}.Debug|x86.ActiveCfg = Debug|Any CPU
		{2942F104-7754-47BA-B3DF-6361988BA784}.Debug|x86.Build.0 = Debug|Any CPU
		{2942F104-7754-47BA-B3DF-6361988BA784}.Release|Any CPU.ActiveCfg = Release|Any CPU
		{2942F104-7754-47BA-B3DF-6361988BA784}.Release|Any CPU.Build.0 = Release|Any CPU
		{2942F104-7754-47BA-B3DF-6361988BA784}.Release|x64.ActiveCfg = Release|Any CPU
		{2942F104-7754-47BA-B3DF-6361988BA784}.Release|x64.Build.0 = Release|Any CPU
		{2942F104-7754-47BA-B3DF-6361988BA784}.Release|x86.ActiveCfg = Release|Any CPU
		{2942F104-7754-47BA-B3DF-6361988BA784}.Release|x86.Build.0 = Release|Any CPU
		{943C15B7-1B8C-4EF6-93CA-EAFD250F627F}.Debug|Any CPU.ActiveCfg = Debug|Any CPU
		{943C15B7-1B8C-4EF6-93CA-EAFD250F627F}.Debug|Any CPU.Build.0 = Debug|Any CPU
		{943C15B7-1B8C-4EF6-93CA-EAFD250F627F}.Debug|x64.ActiveCfg = Debug|Any CPU
		{943C15B7-1B8C-4EF6-93CA-EAFD250F627F}.Debug|x64.Build.0 = Debug|Any CPU
		{943C15B7-1B8C-4EF6-93CA-EAFD250F627F}.Debug|x86.ActiveCfg = Debug|Any CPU
		{943C15B7-1B8C-4EF6-93CA-EAFD250F627F}.Debug|x86.Build.0 = Debug|Any CPU
		{943C15B7-1B8C-4EF6-93CA-EAFD250F627F}.Release|Any CPU.ActiveCfg = Release|Any CPU
		{943C15B7-1B8C-4EF6-93CA-EAFD250F627F}.Release|Any CPU.Build.0 = Release|Any CPU
		{943C15B7-1B8C-4EF6-93CA-EAFD250F627F}.Release|x64.ActiveCfg = Release|Any CPU
		{943C15B7-1B8C-4EF6-93CA-EAFD250F627F}.Release|x64.Build.0 = Release|Any CPU
		{943C15B7-1B8C-4EF6-93CA-EAFD250F627F}.Release|x86.ActiveCfg = Release|Any CPU
		{943C15B7-1B8C-4EF6-93CA-EAFD250F627F}.Release|x86.Build.0 = Release|Any CPU
		{A1B2C3D4-E5F6-7890-ABCD-EF1234567890}.Debug|Any CPU.ActiveCfg = Debug|Any CPU
		{A1B2C3D4-E5F6-7890-ABCD-EF1234567890}.Debug|Any CPU.Build.0 = Debug|Any CPU
		{A1B2C3D4-E5F6-7890-ABCD-EF1234567890}.Debug|x64.ActiveCfg = Debug|Any CPU
		{A1B2C3D4-E5F6-7890-ABCD-EF1234567890}.Debug|x64.Build.0 = Debug|Any CPU
		{A1B2C3D4-E5F6-7890-ABCD-EF1234567890}.Debug|x86.ActiveCfg = Debug|Any CPU
		{A1B2C3D4-E5F6-7890-ABCD-EF1234567890}.Debug|x86.Build.0 = Debug|Any CPU
		{A1B2C3D4-E5F6-7890-ABCD-EF1234567890}.Release|Any CPU.ActiveCfg = Release|Any CPU
		{A1B2C3D4-E5F6-7890-ABCD-EF1234567890}.Release|Any CPU.Build.0 = Release|Any CPU
		{A1B2C3D4-E5F6-7890-ABCD-EF1234567890}.Release|x64.ActiveCfg = Release|Any CPU
		{A1B2C3D4-E5F6-7890-ABCD-EF1234567890}.Release|x64.Build.0 = Release|Any CPU
		{A1B2C3D4-E5F6-7890-ABCD-EF1234567890}.Release|x86.ActiveCfg = Release|Any CPU
		{A1B2C3D4-E5F6-7890-ABCD-EF1234567890}.Release|x86.Build.0 = Release|Any CPU
		{49A7922D-4A4C-4DCF-BE7A-481A5B51DF0F}.Debug|Any CPU.ActiveCfg = Debug|Any CPU
		{49A7922D-4A4C-4DCF-BE7A-481A5B51DF0F}.Debug|Any CPU.Build.0 = Debug|Any CPU
		{49A7922D-4A4C-4DCF-BE7A-481A5B51DF0F}.Debug|x64.ActiveCfg = Debug|Any CPU
		{49A7922D-4A4C-4DCF-BE7A-481A5B51DF0F}.Debug|x64.Build.0 = Debug|Any CPU
		{49A7922D-4A4C-4DCF-BE7A-481A5B51DF0F}.Debug|x86.ActiveCfg = Debug|Any CPU
		{49A7922D-4A4C-4DCF-BE7A-481A5B51DF0F}.Debug|x86.Build.0 = Debug|Any CPU
		{49A7922D-4A4C-4DCF-BE7A-481A5B51DF0F}.Release|Any CPU.ActiveCfg = Release|Any CPU
		{49A7922D-4A4C-4DCF-BE7A-481A5B51DF0F}.Release|Any CPU.Build.0 = Release|Any CPU
		{49A7922D-4A4C-4DCF-BE7A-481A5B51DF0F}.Release|x64.ActiveCfg = Release|Any CPU
		{49A7922D-4A4C-4DCF-BE7A-481A5B51DF0F}.Release|x64.Build.0 = Release|Any CPU
		{49A7922D-4A4C-4DCF-BE7A-481A5B51DF0F}.Release|x86.ActiveCfg = Release|Any CPU
		{49A7922D-4A4C-4DCF-BE7A-481A5B51DF0F}.Release|x86.Build.0 = Release|Any CPU
		{E13CE178-6AD3-44E0-BE0D-CF3F0984800F}.Debug|Any CPU.ActiveCfg = Debug|Any CPU
		{E13CE178-6AD3-44E0-BE0D-CF3F0984800F}.Debug|Any CPU.Build.0 = Debug|Any CPU
		{E13CE178-6AD3-44E0-BE0D-CF3F0984800F}.Debug|x64.ActiveCfg = Debug|Any CPU
		{E13CE178-6AD3-44E0-BE0D-CF3F0984800F}.Debug|x64.Build.0 = Debug|Any CPU
		{E13CE178-6AD3-44E0-BE0D-CF3F0984800F}.Debug|x86.ActiveCfg = Debug|Any CPU
		{E13CE178-6AD3-44E0-BE0D-CF3F0984800F}.Debug|x86.Build.0 = Debug|Any CPU
		{E13CE178-6AD3-44E0-BE0D-CF3F0984800F}.Release|Any CPU.ActiveCfg = Release|Any CPU
		{E13CE178-6AD3-44E0-BE0D-CF3F0984800F}.Release|Any CPU.Build.0 = Release|Any CPU
		{E13CE178-6AD3-44E0-BE0D-CF3F0984800F}.Release|x64.ActiveCfg = Release|Any CPU
		{E13CE178-6AD3-44E0-BE0D-CF3F0984800F}.Release|x64.Build.0 = Release|Any CPU
		{E13CE178-6AD3-44E0-BE0D-CF3F0984800F}.Release|x86.ActiveCfg = Release|Any CPU
		{E13CE178-6AD3-44E0-BE0D-CF3F0984800F}.Release|x86.Build.0 = Release|Any CPU
		{0166E6CF-CB9E-441D-B609-20AA1444334A}.Debug|Any CPU.ActiveCfg = Debug|Any CPU
		{0166E6CF-CB9E-441D-B609-20AA1444334A}.Debug|Any CPU.Build.0 = Debug|Any CPU
		{0166E6CF-CB9E-441D-B609-20AA1444334A}.Debug|x64.ActiveCfg = Debug|Any CPU
		{0166E6CF-CB9E-441D-B609-20AA1444334A}.Debug|x64.Build.0 = Debug|Any CPU
		{0166E6CF-CB9E-441D-B609-20AA1444334A}.Debug|x86.ActiveCfg = Debug|Any CPU
		{0166E6CF-CB9E-441D-B609-20AA1444334A}.Debug|x86.Build.0 = Debug|Any CPU
		{0166E6CF-CB9E-441D-B609-20AA1444334A}.Release|Any CPU.ActiveCfg = Release|Any CPU
		{0166E6CF-CB9E-441D-B609-20AA1444334A}.Release|Any CPU.Build.0 = Release|Any CPU
		{0166E6CF-CB9E-441D-B609-20AA1444334A}.Release|x64.ActiveCfg = Release|Any CPU
		{0166E6CF-CB9E-441D-B609-20AA1444334A}.Release|x64.Build.0 = Release|Any CPU
		{0166E6CF-CB9E-441D-B609-20AA1444334A}.Release|x86.ActiveCfg = Release|Any CPU
		{0166E6CF-CB9E-441D-B609-20AA1444334A}.Release|x86.Build.0 = Release|Any CPU
		{78E30EEE-85F2-4F71-A606-5758471BFDA3}.Debug|Any CPU.ActiveCfg = Debug|Any CPU
		{78E30EEE-85F2-4F71-A606-5758471BFDA3}.Debug|Any CPU.Build.0 = Debug|Any CPU
		{78E30EEE-85F2-4F71-A606-5758471BFDA3}.Debug|x64.ActiveCfg = Debug|Any CPU
		{78E30EEE-85F2-4F71-A606-5758471BFDA3}.Debug|x64.Build.0 = Debug|Any CPU
		{78E30EEE-85F2-4F71-A606-5758471BFDA3}.Debug|x86.ActiveCfg = Debug|Any CPU
		{78E30EEE-85F2-4F71-A606-5758471BFDA3}.Debug|x86.Build.0 = Debug|Any CPU
		{78E30EEE-85F2-4F71-A606-5758471BFDA3}.Release|Any CPU.ActiveCfg = Release|Any CPU
		{78E30EEE-85F2-4F71-A606-5758471BFDA3}.Release|Any CPU.Build.0 = Release|Any CPU
		{78E30EEE-85F2-4F71-A606-5758471BFDA3}.Release|x64.ActiveCfg = Release|Any CPU
		{78E30EEE-85F2-4F71-A606-5758471BFDA3}.Release|x64.Build.0 = Release|Any CPU
		{78E30EEE-85F2-4F71-A606-5758471BFDA3}.Release|x86.ActiveCfg = Release|Any CPU
		{78E30EEE-85F2-4F71-A606-5758471BFDA3}.Release|x86.Build.0 = Release|Any CPU
		{F7A8E6FD-3228-4D57-8EF5-6FF175A883B9}.Debug|Any CPU.ActiveCfg = Debug|Any CPU
		{F7A8E6FD-3228-4D57-8EF5-6FF175A883B9}.Debug|Any CPU.Build.0 = Debug|Any CPU
		{F7A8E6FD-3228-4D57-8EF5-6FF175A883B9}.Debug|x64.ActiveCfg = Debug|Any CPU
		{F7A8E6FD-3228-4D57-8EF5-6FF175A883B9}.Debug|x64.Build.0 = Debug|Any CPU
		{F7A8E6FD-3228-4D57-8EF5-6FF175A883B9}.Debug|x86.ActiveCfg = Debug|Any CPU
		{F7A8E6FD-3228-4D57-8EF5-6FF175A883B9}.Debug|x86.Build.0 = Debug|Any CPU
		{F7A8E6FD-3228-4D57-8EF5-6FF175A883B9}.Release|Any CPU.ActiveCfg = Release|Any CPU
		{F7A8E6FD-3228-4D57-8EF5-6FF175A883B9}.Release|Any CPU.Build.0 = Release|Any CPU
		{F7A8E6FD-3228-4D57-8EF5-6FF175A883B9}.Release|x64.ActiveCfg = Release|Any CPU
		{F7A8E6FD-3228-4D57-8EF5-6FF175A883B9}.Release|x64.Build.0 = Release|Any CPU
		{F7A8E6FD-3228-4D57-8EF5-6FF175A883B9}.Release|x86.ActiveCfg = Release|Any CPU
		{F7A8E6FD-3228-4D57-8EF5-6FF175A883B9}.Release|x86.Build.0 = Release|Any CPU
		{A1B2C3D4-E5F6-7890-ABCD-EF1234567890}.Debug|Any CPU.ActiveCfg = Debug|Any CPU
		{A1B2C3D4-E5F6-7890-ABCD-EF1234567890}.Debug|Any CPU.Build.0 = Debug|Any CPU
		{A1B2C3D4-E5F6-7890-ABCD-EF1234567890}.Debug|x64.ActiveCfg = Debug|Any CPU
		{A1B2C3D4-E5F6-7890-ABCD-EF1234567890}.Debug|x64.Build.0 = Debug|Any CPU
		{A1B2C3D4-E5F6-7890-ABCD-EF1234567890}.Debug|x86.ActiveCfg = Debug|Any CPU
		{A1B2C3D4-E5F6-7890-ABCD-EF1234567890}.Debug|x86.Build.0 = Debug|Any CPU
		{A1B2C3D4-E5F6-7890-ABCD-EF1234567890}.Release|Any CPU.ActiveCfg = Release|Any CPU
		{A1B2C3D4-E5F6-7890-ABCD-EF1234567890}.Release|Any CPU.Build.0 = Release|Any CPU
		{A1B2C3D4-E5F6-7890-ABCD-EF1234567890}.Release|x64.ActiveCfg = Release|Any CPU
		{A1B2C3D4-E5F6-7890-ABCD-EF1234567890}.Release|x64.Build.0 = Release|Any CPU
		{A1B2C3D4-E5F6-7890-ABCD-EF1234567890}.Release|x86.ActiveCfg = Release|Any CPU
		{A1B2C3D4-E5F6-7890-ABCD-EF1234567890}.Release|x86.Build.0 = Release|Any CPU
		{B2C3D4E5-F6G7-8901-BCDE-F23456789012}.Debug|Any CPU.ActiveCfg = Debug|Any CPU
		{B2C3D4E5-F6G7-8901-BCDE-F23456789012}.Debug|Any CPU.Build.0 = Debug|Any CPU
		{B2C3D4E5-F6G7-8901-BCDE-F23456789012}.Debug|x64.ActiveCfg = Debug|Any CPU
		{B2C3D4E5-F6G7-8901-BCDE-F23456789012}.Debug|x64.Build.0 = Debug|Any CPU
		{B2C3D4E5-F6G7-8901-BCDE-F23456789012}.Debug|x86.ActiveCfg = Debug|Any CPU
		{B2C3D4E5-F6G7-8901-BCDE-F23456789012}.Debug|x86.Build.0 = Debug|Any CPU
		{B2C3D4E5-F6G7-8901-BCDE-F23456789012}.Release|Any CPU.ActiveCfg = Release|Any CPU
		{B2C3D4E5-F6G7-8901-BCDE-F23456789012}.Release|Any CPU.Build.0 = Release|Any CPU
		{B2C3D4E5-F6G7-8901-BCDE-F23456789012}.Release|x64.ActiveCfg = Release|Any CPU
		{B2C3D4E5-F6G7-8901-BCDE-F23456789012}.Release|x64.Build.0 = Release|Any CPU
		{B2C3D4E5-F6G7-8901-BCDE-F23456789012}.Release|x86.ActiveCfg = Release|Any CPU
		{B2C3D4E5-F6G7-8901-BCDE-F23456789012}.Release|x86.Build.0 = Release|Any CPU
		{C1D2E3F4-G5H6-7890-IJKL-MN1234567890}.Debug|Any CPU.ActiveCfg = Debug|Any CPU
		{C1D2E3F4-G5H6-7890-IJKL-MN1234567890}.Debug|Any CPU.Build.0 = Debug|Any CPU
		{C1D2E3F4-G5H6-7890-IJKL-MN1234567890}.Debug|x64.ActiveCfg = Debug|Any CPU
		{C1D2E3F4-G5H6-7890-IJKL-MN1234567890}.Debug|x64.Build.0 = Debug|Any CPU
		{C1D2E3F4-G5H6-7890-IJKL-MN1234567890}.Debug|x86.ActiveCfg = Debug|Any CPU
		{C1D2E3F4-G5H6-7890-IJKL-MN1234567890}.Debug|x86.Build.0 = Debug|Any CPU
		{C1D2E3F4-G5H6-7890-IJKL-MN1234567890}.Release|Any CPU.ActiveCfg = Release|Any CPU
		{C1D2E3F4-G5H6-7890-IJKL-MN1234567890}.Release|Any CPU.Build.0 = Release|Any CPU
		{C1D2E3F4-G5H6-7890-IJKL-MN1234567890}.Release|x64.ActiveCfg = Release|Any CPU
		{C1D2E3F4-G5H6-7890-IJKL-MN1234567890}.Release|x64.Build.0 = Release|Any CPU
		{C1D2E3F4-G5H6-7890-IJKL-MN1234567890}.Release|x86.ActiveCfg = Release|Any CPU
		{C1D2E3F4-G5H6-7890-IJKL-MN1234567890}.Release|x86.Build.0 = Release|Any CPU
		{D2E3F4G5-H6I7-8901-JKLM-N23456789012}.Debug|Any CPU.ActiveCfg = Debug|Any CPU
		{D2E3F4G5-H6I7-8901-JKLM-N23456789012}.Debug|Any CPU.Build.0 = Debug|Any CPU
		{D2E3F4G5-H6I7-8901-JKLM-N23456789012}.Debug|x64.ActiveCfg = Debug|Any CPU
		{D2E3F4G5-H6I7-8901-JKLM-N23456789012}.Debug|x64.Build.0 = Debug|Any CPU
		{D2E3F4G5-H6I7-8901-JKLM-N23456789012}.Debug|x86.ActiveCfg = Debug|Any CPU
		{D2E3F4G5-H6I7-8901-JKLM-N23456789012}.Debug|x86.Build.0 = Debug|Any CPU
		{D2E3F4G5-H6I7-8901-JKLM-N23456789012}.Release|Any CPU.ActiveCfg = Release|Any CPU
		{D2E3F4G5-H6I7-8901-JKLM-N23456789012}.Release|Any CPU.Build.0 = Release|Any CPU
		{D2E3F4G5-H6I7-8901-JKLM-N23456789012}.Release|x64.ActiveCfg = Release|Any CPU
		{D2E3F4G5-H6I7-8901-JKLM-N23456789012}.Release|x64.Build.0 = Release|Any CPU
		{D2E3F4G5-H6I7-8901-JKLM-N23456789012}.Release|x86.ActiveCfg = Release|Any CPU
		{D2E3F4G5-H6I7-8901-JKLM-N23456789012}.Release|x86.Build.0 = Release|Any CPU
		{E1F2A3B4-C5D6-7890-EFGH-IJ1234567890}.Debug|Any CPU.ActiveCfg = Debug|Any CPU
		{E1F2A3B4-C5D6-7890-EFGH-IJ1234567890}.Debug|Any CPU.Build.0 = Debug|Any CPU
		{E1F2A3B4-C5D6-7890-EFGH-IJ1234567890}.Debug|x64.ActiveCfg = Debug|Any CPU
		{E1F2A3B4-C5D6-7890-EFGH-IJ1234567890}.Debug|x64.Build.0 = Debug|Any CPU
		{E1F2A3B4-C5D6-7890-EFGH-IJ1234567890}.Debug|x86.ActiveCfg = Debug|Any CPU
		{E1F2A3B4-C5D6-7890-EFGH-IJ1234567890}.Debug|x86.Build.0 = Debug|Any CPU
		{E1F2A3B4-C5D6-7890-EFGH-IJ1234567890}.Release|Any CPU.ActiveCfg = Release|Any CPU
		{E1F2A3B4-C5D6-7890-EFGH-IJ1234567890}.Release|Any CPU.Build.0 = Release|Any CPU
		{E1F2A3B4-C5D6-7890-EFGH-IJ1234567890}.Release|x64.ActiveCfg = Release|Any CPU
		{E1F2A3B4-C5D6-7890-EFGH-IJ1234567890}.Release|x64.Build.0 = Release|Any CPU
		{E1F2A3B4-C5D6-7890-EFGH-IJ1234567890}.Release|x86.ActiveCfg = Release|Any CPU
		{E1F2A3B4-C5D6-7890-EFGH-IJ1234567890}.Release|x86.Build.0 = Release|Any CPU
		{F2A3B4C5-D6E7-8901-GHIJ-KL2345678901}.Debug|Any CPU.ActiveCfg = Debug|Any CPU
		{F2A3B4C5-D6E7-8901-GHIJ-KL2345678901}.Debug|Any CPU.Build.0 = Debug|Any CPU
		{F2A3B4C5-D6E7-8901-GHIJ-KL2345678901}.Debug|x64.ActiveCfg = Debug|Any CPU
		{F2A3B4C5-D6E7-8901-GHIJ-KL2345678901}.Debug|x64.Build.0 = Debug|Any CPU
		{F2A3B4C5-D6E7-8901-GHIJ-KL2345678901}.Debug|x86.ActiveCfg = Debug|Any CPU
		{F2A3B4C5-D6E7-8901-GHIJ-KL2345678901}.Debug|x86.Build.0 = Debug|Any CPU
		{F2A3B4C5-D6E7-8901-GHIJ-KL2345678901}.Release|Any CPU.ActiveCfg = Release|Any CPU
		{F2A3B4C5-D6E7-8901-GHIJ-KL2345678901}.Release|Any CPU.Build.0 = Release|Any CPU
		{F2A3B4C5-D6E7-8901-GHIJ-KL2345678901}.Release|x64.ActiveCfg = Release|Any CPU
		{F2A3B4C5-D6E7-8901-GHIJ-KL2345678901}.Release|x64.Build.0 = Release|Any CPU
		{F2A3B4C5-D6E7-8901-GHIJ-KL2345678901}.Release|x86.ActiveCfg = Release|Any CPU
		{F2A3B4C5-D6E7-8901-GHIJ-KL2345678901}.Release|x86.Build.0 = Release|Any CPU
		{F1A2B3C4-D5E6-7890-FGHI-JK1234567890}.Debug|Any CPU.ActiveCfg = Debug|Any CPU
		{F1A2B3C4-D5E6-7890-FGHI-JK1234567890}.Debug|Any CPU.Build.0 = Debug|Any CPU
		{F1A2B3C4-D5E6-7890-FGHI-JK1234567890}.Debug|x64.ActiveCfg = Debug|Any CPU
		{F1A2B3C4-D5E6-7890-FGHI-JK1234567890}.Debug|x64.Build.0 = Debug|Any CPU
		{F1A2B3C4-D5E6-7890-FGHI-JK1234567890}.Debug|x86.ActiveCfg = Debug|Any CPU
		{F1A2B3C4-D5E6-7890-FGHI-JK1234567890}.Debug|x86.Build.0 = Debug|Any CPU
		{F1A2B3C4-D5E6-7890-FGHI-JK1234567890}.Release|Any CPU.ActiveCfg = Release|Any CPU
		{F1A2B3C4-D5E6-7890-FGHI-JK1234567890}.Release|Any CPU.Build.0 = Release|Any CPU
		{F1A2B3C4-D5E6-7890-FGHI-JK1234567890}.Release|x64.ActiveCfg = Release|Any CPU
		{F1A2B3C4-D5E6-7890-FGHI-JK1234567890}.Release|x64.Build.0 = Release|Any CPU
		{F1A2B3C4-D5E6-7890-FGHI-JK1234567890}.Release|x86.ActiveCfg = Release|Any CPU
		{F1A2B3C4-D5E6-7890-FGHI-JK1234567890}.Release|x86.Build.0 = Release|Any CPU
		{G2B3C4D5-E6F7-8901-HIJK-LM2345678901}.Debug|Any CPU.ActiveCfg = Debug|Any CPU
		{G2B3C4D5-E6F7-8901-HIJK-LM2345678901}.Debug|Any CPU.Build.0 = Debug|Any CPU
		{G2B3C4D5-E6F7-8901-HIJK-LM2345678901}.Debug|x64.ActiveCfg = Debug|Any CPU
		{G2B3C4D5-E6F7-8901-HIJK-LM2345678901}.Debug|x64.Build.0 = Debug|Any CPU
		{G2B3C4D5-E6F7-8901-HIJK-LM2345678901}.Debug|x86.ActiveCfg = Debug|Any CPU
		{G2B3C4D5-E6F7-8901-HIJK-LM2345678901}.Debug|x86.Build.0 = Debug|Any CPU
		{G2B3C4D5-E6F7-8901-HIJK-LM2345678901}.Release|Any CPU.ActiveCfg = Release|Any CPU
		{G2B3C4D5-E6F7-8901-HIJK-LM2345678901}.Release|Any CPU.Build.0 = Release|Any CPU
		{G2B3C4D5-E6F7-8901-HIJK-LM2345678901}.Release|x64.ActiveCfg = Release|Any CPU
		{G2B3C4D5-E6F7-8901-HIJK-LM2345678901}.Release|x64.Build.0 = Release|Any CPU
		{G2B3C4D5-E6F7-8901-HIJK-LM2345678901}.Release|x86.ActiveCfg = Release|Any CPU
		{G2B3C4D5-E6F7-8901-HIJK-LM2345678901}.Release|x86.Build.0 = Release|Any CPU
		{H1I2J3K4-L5M6-7890-NOPQ-RS1234567890}.Debug|Any CPU.ActiveCfg = Debug|Any CPU
		{H1I2J3K4-L5M6-7890-NOPQ-RS1234567890}.Debug|Any CPU.Build.0 = Debug|Any CPU
		{H1I2J3K4-L5M6-7890-NOPQ-RS1234567890}.Debug|x64.ActiveCfg = Debug|Any CPU
		{H1I2J3K4-L5M6-7890-NOPQ-RS1234567890}.Debug|x64.Build.0 = Debug|Any CPU
		{H1I2J3K4-L5M6-7890-NOPQ-RS1234567890}.Debug|x86.ActiveCfg = Debug|Any CPU
		{H1I2J3K4-L5M6-7890-NOPQ-RS1234567890}.Debug|x86.Build.0 = Debug|Any CPU
		{H1I2J3K4-L5M6-7890-NOPQ-RS1234567890}.Release|Any CPU.ActiveCfg = Release|Any CPU
		{H1I2J3K4-L5M6-7890-NOPQ-RS1234567890}.Release|Any CPU.Build.0 = Release|Any CPU
		{H1I2J3K4-L5M6-7890-NOPQ-RS1234567890}.Release|x64.ActiveCfg = Release|Any CPU
		{H1I2J3K4-L5M6-7890-NOPQ-RS1234567890}.Release|x64.Build.0 = Release|Any CPU
		{H1I2J3K4-L5M6-7890-NOPQ-RS1234567890}.Release|x86.ActiveCfg = Release|Any CPU
		{H1I2J3K4-L5M6-7890-NOPQ-RS1234567890}.Release|x86.Build.0 = Release|Any CPU
		{I2J3K4L5-M6N7-8901-OPQR-ST2345678901}.Debug|Any CPU.ActiveCfg = Debug|Any CPU
		{I2J3K4L5-M6N7-8901-OPQR-ST2345678901}.Debug|Any CPU.Build.0 = Debug|Any CPU
		{I2J3K4L5-M6N7-8901-OPQR-ST2345678901}.Debug|x64.ActiveCfg = Debug|Any CPU
		{I2J3K4L5-M6N7-8901-OPQR-ST2345678901}.Debug|x64.Build.0 = Debug|Any CPU
		{I2J3K4L5-M6N7-8901-OPQR-ST2345678901}.Debug|x86.ActiveCfg = Debug|Any CPU
		{I2J3K4L5-M6N7-8901-OPQR-ST2345678901}.Debug|x86.Build.0 = Debug|Any CPU
		{I2J3K4L5-M6N7-8901-OPQR-ST2345678901}.Release|Any CPU.ActiveCfg = Release|Any CPU
		{I2J3K4L5-M6N7-8901-OPQR-ST2345678901}.Release|Any CPU.Build.0 = Release|Any CPU
		{I2J3K4L5-M6N7-8901-OPQR-ST2345678901}.Release|x64.ActiveCfg = Release|Any CPU
		{I2J3K4L5-M6N7-8901-OPQR-ST2345678901}.Release|x64.Build.0 = Release|Any CPU
		{I2J3K4L5-M6N7-8901-OPQR-ST2345678901}.Release|x86.ActiveCfg = Release|Any CPU
		{I2J3K4L5-M6N7-8901-OPQR-ST2345678901}.Release|x86.Build.0 = Release|Any CPU
		{J1K2L3M4-N5O6-7890-PQRS-TU1234567890}.Debug|Any CPU.ActiveCfg = Debug|Any CPU
		{J1K2L3M4-N5O6-7890-PQRS-TU1234567890}.Debug|Any CPU.Build.0 = Debug|Any CPU
		{J1K2L3M4-N5O6-7890-PQRS-TU1234567890}.Debug|x64.ActiveCfg = Debug|Any CPU
		{J1K2L3M4-N5O6-7890-PQRS-TU1234567890}.Debug|x64.Build.0 = Debug|Any CPU
		{J1K2L3M4-N5O6-7890-PQRS-TU1234567890}.Debug|x86.ActiveCfg = Debug|Any CPU
		{J1K2L3M4-N5O6-7890-PQRS-TU1234567890}.Debug|x86.Build.0 = Debug|Any CPU
		{J1K2L3M4-N5O6-7890-PQRS-TU1234567890}.Release|Any CPU.ActiveCfg = Release|Any CPU
		{J1K2L3M4-N5O6-7890-PQRS-TU1234567890}.Release|Any CPU.Build.0 = Release|Any CPU
		{J1K2L3M4-N5O6-7890-PQRS-TU1234567890}.Release|x64.ActiveCfg = Release|Any CPU
		{J1K2L3M4-N5O6-7890-PQRS-TU1234567890}.Release|x64.Build.0 = Release|Any CPU
		{J1K2L3M4-N5O6-7890-PQRS-TU1234567890}.Release|x86.ActiveCfg = Release|Any CPU
		{J1K2L3M4-N5O6-7890-PQRS-TU1234567890}.Release|x86.Build.0 = Release|Any CPU
		{K2L3M4N5-O6P7-8901-QRST-UV2345678901}.Debug|Any CPU.ActiveCfg = Debug|Any CPU
		{K2L3M4N5-O6P7-8901-QRST-UV2345678901}.Debug|Any CPU.Build.0 = Debug|Any CPU
		{K2L3M4N5-O6P7-8901-QRST-UV2345678901}.Debug|x64.ActiveCfg = Debug|Any CPU
		{K2L3M4N5-O6P7-8901-QRST-UV2345678901}.Debug|x64.Build.0 = Debug|Any CPU
		{K2L3M4N5-O6P7-8901-QRST-UV2345678901}.Debug|x86.ActiveCfg = Debug|Any CPU
		{K2L3M4N5-O6P7-8901-QRST-UV2345678901}.Debug|x86.Build.0 = Debug|Any CPU
		{K2L3M4N5-O6P7-8901-QRST-UV2345678901}.Release|Any CPU.ActiveCfg = Release|Any CPU
		{K2L3M4N5-O6P7-8901-QRST-UV2345678901}.Release|Any CPU.Build.0 = Release|Any CPU
		{K2L3M4N5-O6P7-8901-QRST-UV2345678901}.Release|x64.ActiveCfg = Release|Any CPU
		{K2L3M4N5-O6P7-8901-QRST-UV2345678901}.Release|x64.Build.0 = Release|Any CPU
		{K2L3M4N5-O6P7-8901-QRST-UV2345678901}.Release|x86.ActiveCfg = Release|Any CPU
		{K2L3M4N5-O6P7-8901-QRST-UV2345678901}.Release|x86.Build.0 = Release|Any CPU
	EndGlobalSection
	GlobalSection(SolutionProperties) = preSolution
		HideSolutionNode = FALSE
	EndGlobalSection
	GlobalSection(ExtensibilityGlobals) = postSolution
		SolutionGuid = {018FF5E5-40F7-4B67-8B45-13156EF98155}
	EndGlobalSection
EndGlobal
